
Microsoft Visual Studio Solution File, Format Version 12.00
# Visual Studio Version 17
VisualStudioVersion = 17.7.34221.43
MinimumVisualStudioVersion = 10.0.40219.1
Project("{FAE04EC0-301F-11D3-BF4B-00C04F79EFBC}") = "wpf_game_of_life", "wpf_game_of_life\wpf_game_of_life.csproj", "{ED5D2003-A081-421A-8D00-9E368ADAFA56}"
EndProject
Global
	GlobalSection(SolutionConfigurationPlatforms) = preSolution
		Debug|Any CPU = Debug|Any CPU
		Release|Any CPU = Release|Any CPU
	EndGlobalSection
	GlobalSection(ProjectConfigurationPlatforms) = postSolution
		{ED5D2003-A081-421A-8D00-9E368ADAFA56}.Debug|Any CPU.ActiveCfg = Debug|Any CPU
		{ED5D2003-A081-421A-8D00-9E368ADAFA56}.Debug|Any CPU.Build.0 = Debug|Any CPU
		{ED5D2003-A081-421A-8D00-9E368ADAFA56}.Release|Any CPU.ActiveCfg = Release|Any CPU
		{ED5D2003-A081-421A-8D00-9E368ADAFA56}.Release|Any CPU.Build.0 = Release|Any CPU
	EndGlobalSection
	GlobalSection(SolutionProperties) = preSolution
		HideSolutionNode = FALSE
	EndGlobalSection
	GlobalSection(ExtensibilityGlobals) = postSolution
		SolutionGuid = {DC93D092-9048-4406-9167-752F33A465B7}
	EndGlobalSection
EndGlobal
